
Microsoft Visual Studio Solution File, Format Version 12.00
# Visual Studio 15
VisualStudioVersion = 15.0.26124.0
MinimumVisualStudioVersion = 15.0.26124.0
Project("{FAE04EC0-301F-11D3-BF4B-00C04F79EFBC}") = "MyMath", "MyMath\MyMath.csproj", "{6B595BA5-9C55-4FD8-B819-A5775CF32EDC}"
EndProject
Project("{FAE04EC0-301F-11D3-BF4B-00C04F79EFBC}") = "MyMath.Tests", "MyMath.Tests\MyMath.Tests.csproj", "{AD0E5973-5886-455B-A05C-544025FECD98}"
EndProject
Global
	GlobalSection(SolutionConfigurationPlatforms) = preSolution
		Debug|Any CPU = Debug|Any CPU
		Debug|x64 = Debug|x64
		Debug|x86 = Debug|x86
		Release|Any CPU = Release|Any CPU
		Release|x64 = Release|x64
		Release|x86 = Release|x86
	EndGlobalSection
	GlobalSection(SolutionProperties) = preSolution
		HideSolutionNode = FALSE
	EndGlobalSection
	GlobalSection(ProjectConfigurationPlatforms) = postSolution
		{6B595BA5-9C55-4FD8-B819-A5775CF32EDC}.Debug|Any CPU.ActiveCfg = Debug|Any CPU
		{6B595BA5-9C55-4FD8-B819-A5775CF32EDC}.Debug|Any CPU.Build.0 = Debug|Any CPU
		{6B595BA5-9C55-4FD8-B819-A5775CF32EDC}.Debug|x64.ActiveCfg = Debug|Any CPU
		{6B595BA5-9C55-4FD8-B819-A5775CF32EDC}.Debug|x64.Build.0 = Debug|Any CPU
		{6B595BA5-9C55-4FD8-B819-A5775CF32EDC}.Debug|x86.ActiveCfg = Debug|Any CPU
		{6B595BA5-9C55-4FD8-B819-A5775CF32EDC}.Debug|x86.Build.0 = Debug|Any CPU
		{6B595BA5-9C55-4FD8-B819-A5775CF32EDC}.Release|Any CPU.ActiveCfg = Release|Any CPU
		{6B595BA5-9C55-4FD8-B819-A5775CF32EDC}.Release|Any CPU.Build.0 = Release|Any CPU
		{6B595BA5-9C55-4FD8-B819-A5775CF32EDC}.Release|x64.ActiveCfg = Release|Any CPU
		{6B595BA5-9C55-4FD8-B819-A5775CF32EDC}.Release|x64.Build.0 = Release|Any CPU
		{6B595BA5-9C55-4FD8-B819-A5775CF32EDC}.Release|x86.ActiveCfg = Release|Any CPU
		{6B595BA5-9C55-4FD8-B819-A5775CF32EDC}.Release|x86.Build.0 = Release|Any CPU
		{AD0E5973-5886-455B-A05C-544025FECD98}.Debug|Any CPU.ActiveCfg = Debug|Any CPU
		{AD0E5973-5886-455B-A05C-544025FECD98}.Debug|Any CPU.Build.0 = Debug|Any CPU
		{AD0E5973-5886-455B-A05C-544025FECD98}.Debug|x64.ActiveCfg = Debug|Any CPU
		{AD0E5973-5886-455B-A05C-544025FECD98}.Debug|x64.Build.0 = Debug|Any CPU
		{AD0E5973-5886-455B-A05C-544025FECD98}.Debug|x86.ActiveCfg = Debug|Any CPU
		{AD0E5973-5886-455B-A05C-544025FECD98}.Debug|x86.Build.0 = Debug|Any CPU
		{AD0E5973-5886-455B-A05C-544025FECD98}.Release|Any CPU.ActiveCfg = Release|Any CPU
		{AD0E5973-5886-455B-A05C-544025FECD98}.Release|Any CPU.Build.0 = Release|Any CPU
		{AD0E5973-5886-455B-A05C-544025FECD98}.Release|x64.ActiveCfg = Release|Any CPU
		{AD0E5973-5886-455B-A05C-544025FECD98}.Release|x64.Build.0 = Release|Any CPU
		{AD0E5973-5886-455B-A05C-544025FECD98}.Release|x86.ActiveCfg = Release|Any CPU
		{AD0E5973-5886-455B-A05C-544025FECD98}.Release|x86.Build.0 = Release|Any CPU
	EndGlobalSection
EndGlobal
