
Microsoft Visual Studio Solution File, Format Version 12.00
# Visual Studio Version 16
VisualStudioVersion = 16.0.30804.86
MinimumVisualStudioVersion = 15.0.26124.0
Project("{FAE04EC0-301F-11D3-BF4B-00C04F79EFBC}") = "MyMath.Tests", "MyMath.Tests\MyMath.Tests.csproj", "{F6136C40-E93F-4FFF-B1D1-B786CF5C840F}"
EndProject
Project("{FAE04EC0-301F-11D3-BF4B-00C04F79EFBC}") = "MyMath", "MyMath\MyMath.csproj", "{E7FB28C5-10EC-4E19-8F1A-25B28CC86015}"
EndProject
Global
	GlobalSection(SolutionConfigurationPlatforms) = preSolution
		Debug|Any CPU = Debug|Any CPU
		Debug|x64 = Debug|x64
		Debug|x86 = Debug|x86
		Release|Any CPU = Release|Any CPU
		Release|x64 = Release|x64
		Release|x86 = Release|x86
	EndGlobalSection
	GlobalSection(ProjectConfigurationPlatforms) = postSolution
		{F6136C40-E93F-4FFF-B1D1-B786CF5C840F}.Debug|Any CPU.ActiveCfg = Debug|Any CPU
		{F6136C40-E93F-4FFF-B1D1-B786CF5C840F}.Debug|Any CPU.Build.0 = Debug|Any CPU
		{F6136C40-E93F-4FFF-B1D1-B786CF5C840F}.Debug|x64.ActiveCfg = Debug|Any CPU
		{F6136C40-E93F-4FFF-B1D1-B786CF5C840F}.Debug|x64.Build.0 = Debug|Any CPU
		{F6136C40-E93F-4FFF-B1D1-B786CF5C840F}.Debug|x86.ActiveCfg = Debug|Any CPU
		{F6136C40-E93F-4FFF-B1D1-B786CF5C840F}.Debug|x86.Build.0 = Debug|Any CPU
		{F6136C40-E93F-4FFF-B1D1-B786CF5C840F}.Release|Any CPU.ActiveCfg = Release|Any CPU
		{F6136C40-E93F-4FFF-B1D1-B786CF5C840F}.Release|Any CPU.Build.0 = Release|Any CPU
		{F6136C40-E93F-4FFF-B1D1-B786CF5C840F}.Release|x64.ActiveCfg = Release|Any CPU
		{F6136C40-E93F-4FFF-B1D1-B786CF5C840F}.Release|x64.Build.0 = Release|Any CPU
		{F6136C40-E93F-4FFF-B1D1-B786CF5C840F}.Release|x86.ActiveCfg = Release|Any CPU
		{F6136C40-E93F-4FFF-B1D1-B786CF5C840F}.Release|x86.Build.0 = Release|Any CPU
		{E7FB28C5-10EC-4E19-8F1A-25B28CC86015}.Debug|Any CPU.ActiveCfg = Debug|Any CPU
		{E7FB28C5-10EC-4E19-8F1A-25B28CC86015}.Debug|Any CPU.Build.0 = Debug|Any CPU
		{E7FB28C5-10EC-4E19-8F1A-25B28CC86015}.Debug|x64.ActiveCfg = Debug|Any CPU
		{E7FB28C5-10EC-4E19-8F1A-25B28CC86015}.Debug|x64.Build.0 = Debug|Any CPU
		{E7FB28C5-10EC-4E19-8F1A-25B28CC86015}.Debug|x86.ActiveCfg = Debug|Any CPU
		{E7FB28C5-10EC-4E19-8F1A-25B28CC86015}.Debug|x86.Build.0 = Debug|Any CPU
		{E7FB28C5-10EC-4E19-8F1A-25B28CC86015}.Release|Any CPU.ActiveCfg = Release|Any CPU
		{E7FB28C5-10EC-4E19-8F1A-25B28CC86015}.Release|Any CPU.Build.0 = Release|Any CPU
		{E7FB28C5-10EC-4E19-8F1A-25B28CC86015}.Release|x64.ActiveCfg = Release|Any CPU
		{E7FB28C5-10EC-4E19-8F1A-25B28CC86015}.Release|x64.Build.0 = Release|Any CPU
		{E7FB28C5-10EC-4E19-8F1A-25B28CC86015}.Release|x86.ActiveCfg = Release|Any CPU
		{E7FB28C5-10EC-4E19-8F1A-25B28CC86015}.Release|x86.Build.0 = Release|Any CPU
	EndGlobalSection
	GlobalSection(SolutionProperties) = preSolution
		HideSolutionNode = FALSE
	EndGlobalSection
	GlobalSection(ExtensibilityGlobals) = postSolution
		SolutionGuid = {D9BC42D6-79FE-422C-8822-40A76249DBBA}
	EndGlobalSection
EndGlobal
